
Microsoft Visual Studio Solution File, Format Version 12.00
# Visual Studio 15
VisualStudioVersion = 15.0.28307.136
MinimumVisualStudioVersion = 10.0.40219.1
Project("{FAE04EC0-301F-11D3-BF4B-00C04F79EFBC}") = "OdeToFood", "OdeToFood\OdeToFood.csproj", "{D6C79BEA-3236-4C34-A481-F1D660C45799}"
EndProject
Global
	GlobalSection(SolutionConfigurationPlatforms) = preSolution
		Debug|Any CPU = Debug|Any CPU
		Release|Any CPU = Release|Any CPU
	EndGlobalSection
	GlobalSection(ProjectConfigurationPlatforms) = postSolution
		{D6C79BEA-3236-4C34-A481-F1D660C45799}.Debug|Any CPU.ActiveCfg = Debug|Any CPU
		{D6C79BEA-3236-4C34-A481-F1D660C45799}.Debug|Any CPU.Build.0 = Debug|Any CPU
		{D6C79BEA-3236-4C34-A481-F1D660C45799}.Release|Any CPU.ActiveCfg = Release|Any CPU
		{D6C79BEA-3236-4C34-A481-F1D660C45799}.Release|Any CPU.Build.0 = Release|Any CPU
	EndGlobalSection
	GlobalSection(SolutionProperties) = preSolution
		HideSolutionNode = FALSE
	EndGlobalSection
	GlobalSection(ExtensibilityGlobals) = postSolution
		SolutionGuid = {604A62E4-5FE8-4945-91C3-45DC4CD75D27}
	EndGlobalSection
EndGlobal
